# THIS IS AN AUTOGENERATED FILE. DO NOT EDIT THIS FILE DIRECTLY.
# yarn lockfile v1


"@felixgro/animate-canvas@^1.0.0":
  version "1.0.0"
  resolved "https://registry.yarnpkg.com/@felixgro/animate-canvas/-/animate-canvas-1.0.0.tgz#59d45d4b7e7d6c853eaf4a2d845ad30b6b9ba800"
  integrity sha512-t1tPqhy8bxy2c4Qf+Yu1oVsKEP3HcQTznMfDODcQzbDuYlAvNOyAxK+GzEqglFP9iHiDrqIHzv2EaK3dteWrIQ==

"@felixgro/vec2@^1.1.1":
  version "1.1.1"
  resolved "https://registry.yarnpkg.com/@felixgro/vec2/-/vec2-1.1.1.tgz#8f3f704c95b7029f6ee06a4a9401f3e172b23ef9"
  integrity sha512-LfxAALLdM9q/XDzxafkYh8HKpx2PboWPbGlQQuZd/boG2/fk5VPh2oaGvknGiXkzfLam9X11mXO1DplPmgHiDQ==

"@types/dat.gui@^0.7.6":
  version "0.7.6"
  resolved "https://registry.yarnpkg.com/@types/dat.gui/-/dat.gui-0.7.6.tgz#61aaacdb01f70e1401e051dfcf4192a30acb2435"
  integrity sha512-Dx9f9CkXJkDAxt9M05vc7DItSqsiEhWN7Rx3vgO/maltv/nX9TaMX2sd/iAMENnL1D5FivetktJEyCBLFu50CQ==

dat.gui@^0.7.7:
  version "0.7.7"
  resolved "https://registry.yarnpkg.com/dat.gui/-/dat.gui-0.7.7.tgz#7f96dbd21621a76385203659aebfa264ee6ae89b"
  integrity sha512-sRl/28gF/XRC5ywC9I4zriATTsQcpSsRG7seXCPnTkK8/EQMIbCu5NPMpICLGxX9ZEUvcXR3ArLYCtgreFoMDw==

esbuild@^0.12.1:
  version "0.12.1"
  resolved "https://registry.yarnpkg.com/esbuild/-/esbuild-0.12.1.tgz#f652d5b3b9432dbb42fc2c034ddd62360296e03d"
  integrity sha512-WfQ00MKm/Y4ysz1u9PCUAsV66k5lbrcEvS6aG9jhBIavpB94FBdaWeBkaZXxCZB4w+oqh+j4ozJFWnnFprOXbg==

typescript@^4.2.3:
  version "4.2.4"
  resolved "https://registry.yarnpkg.com/typescript/-/typescript-4.2.4.tgz#8610b59747de028fda898a8aef0e103f156d0961"
  integrity sha512-V+evlYHZnQkaz8TRBuxTA92yZBPotr5H+WhQ7bD3hZUndx5tGOa1fuCgeSjxAzM1RiN5IzvadIXTVefuuwZCRg==
